
Microsoft Visual Studio Solution File, Format Version 12.00
# Visual Studio Version 17
VisualStudioVersion = 17.11.35222.181
MinimumVisualStudioVersion = 10.0.40219.1
Project("{9A19103F-16F7-4668-BE54-9A1E7A4F7556}") = "ConsoleApp", "ConsoleApp\ConsoleApp.csproj", "{0800CE90-0F8A-419B-8ACE-0FC3EA2F8BAE}"
EndProject
Project("{FAE04EC0-301F-11D3-BF4B-00C04F79EFBC}") = "MauiApppp", "MauiApppp\MauiApppp.csproj", "{D5613A2B-0DC9-46EE-A7FD-CC2D31964962}"
EndProject
Global
	GlobalSection(SolutionConfigurationPlatforms) = preSolution
		Debug|Any CPU = Debug|Any CPU
		Release|Any CPU = Release|Any CPU
	EndGlobalSection
	GlobalSection(ProjectConfigurationPlatforms) = postSolution
		{0800CE90-0F8A-419B-8ACE-0FC3EA2F8BAE}.Debug|Any CPU.ActiveCfg = Debug|Any CPU
		{0800CE90-0F8A-419B-8ACE-0FC3EA2F8BAE}.Debug|Any CPU.Build.0 = Debug|Any CPU
		{0800CE90-0F8A-419B-8ACE-0FC3EA2F8BAE}.Release|Any CPU.ActiveCfg = Release|Any CPU
		{0800CE90-0F8A-419B-8ACE-0FC3EA2F8BAE}.Release|Any CPU.Build.0 = Release|Any CPU
		{D5613A2B-0DC9-46EE-A7FD-CC2D31964962}.Debug|Any CPU.ActiveCfg = Debug|Any CPU
		{D5613A2B-0DC9-46EE-A7FD-CC2D31964962}.Debug|Any CPU.Build.0 = Debug|Any CPU
		{D5613A2B-0DC9-46EE-A7FD-CC2D31964962}.Debug|Any CPU.Deploy.0 = Debug|Any CPU
		{D5613A2B-0DC9-46EE-A7FD-CC2D31964962}.Release|Any CPU.ActiveCfg = Release|Any CPU
		{D5613A2B-0DC9-46EE-A7FD-CC2D31964962}.Release|Any CPU.Build.0 = Release|Any CPU
		{D5613A2B-0DC9-46EE-A7FD-CC2D31964962}.Release|Any CPU.Deploy.0 = Release|Any CPU
	EndGlobalSection
	GlobalSection(SolutionProperties) = preSolution
		HideSolutionNode = FALSE
	EndGlobalSection
	GlobalSection(ExtensibilityGlobals) = postSolution
		SolutionGuid = {80484C81-A905-4A24-9C5B-50205B242047}
	EndGlobalSection
EndGlobal
