
Microsoft Visual Studio Solution File, Format Version 12.00
# Visual Studio Version 17
VisualStudioVersion = 17.11.35222.181
MinimumVisualStudioVersion = 10.0.40219.1
Project("{FAE04EC0-301F-11D3-BF4B-00C04F79EFBC}") = "Wpf_hello_world", "Wpf_hello_world\Wpf_hello_world.csproj", "{53AACA5E-A72B-46CA-957F-FAC9AED3F3AB}"
EndProject
Global
	GlobalSection(SolutionConfigurationPlatforms) = preSolution
		Debug|Any CPU = Debug|Any CPU
		Release|Any CPU = Release|Any CPU
	EndGlobalSection
	GlobalSection(ProjectConfigurationPlatforms) = postSolution
		{53AACA5E-A72B-46CA-957F-FAC9AED3F3AB}.Debug|Any CPU.ActiveCfg = Debug|Any CPU
		{53AACA5E-A72B-46CA-957F-FAC9AED3F3AB}.Debug|Any CPU.Build.0 = Debug|Any CPU
		{53AACA5E-A72B-46CA-957F-FAC9AED3F3AB}.Release|Any CPU.ActiveCfg = Release|Any CPU
		{53AACA5E-A72B-46CA-957F-FAC9AED3F3AB}.Release|Any CPU.Build.0 = Release|Any CPU
	EndGlobalSection
	GlobalSection(SolutionProperties) = preSolution
		HideSolutionNode = FALSE
	EndGlobalSection
	GlobalSection(ExtensibilityGlobals) = postSolution
		SolutionGuid = {A0AFFBE8-8D03-4C51-AB3A-C66E8FF3F1A1}
	EndGlobalSection
EndGlobal
