
Microsoft Visual Studio Solution File, Format Version 12.00
# Visual Studio Version 17
VisualStudioVersion = 17.11.35222.181
MinimumVisualStudioVersion = 10.0.40219.1
Project("{FAE04EC0-301F-11D3-BF4B-00C04F79EFBC}") = "Console_hello_world", "Console_hello_world\Console_hello_world.csproj", "{40EBB6F2-D464-4216-9361-0CFFBE0C56C5}"
EndProject
Global
	GlobalSection(SolutionConfigurationPlatforms) = preSolution
		Debug|Any CPU = Debug|Any CPU
		Release|Any CPU = Release|Any CPU
	EndGlobalSection
	GlobalSection(ProjectConfigurationPlatforms) = postSolution
		{40EBB6F2-D464-4216-9361-0CFFBE0C56C5}.Debug|Any CPU.ActiveCfg = Debug|Any CPU
		{40EBB6F2-D464-4216-9361-0CFFBE0C56C5}.Debug|Any CPU.Build.0 = Debug|Any CPU
		{40EBB6F2-D464-4216-9361-0CFFBE0C56C5}.Release|Any CPU.ActiveCfg = Release|Any CPU
		{40EBB6F2-D464-4216-9361-0CFFBE0C56C5}.Release|Any CPU.Build.0 = Release|Any CPU
	EndGlobalSection
	GlobalSection(SolutionProperties) = preSolution
		HideSolutionNode = FALSE
	EndGlobalSection
	GlobalSection(ExtensibilityGlobals) = postSolution
		SolutionGuid = {B5A4E8D1-CD05-4573-86C9-CAE5D5C62361}
	EndGlobalSection
EndGlobal
